{
  "originHash" : "b0c85e451ba899cff36bb12a4489b79dc19fc8f117225979e582c6ed5d757f56",
  "pins" : [
    {
      "identity" : "csqlite",
      "kind" : "remoteSourceControl",
      "location" : "https://github.com/sbooth/CSQLite.git",
      "state" : {
        "revision" : "fbf7d9753ec1b2b37d50143838cd8c34db655e62",
        "version" : "3.49.2"
      }
    },
    {
      "identity" : "swift-algorithms",
      "kind" : "remoteSourceControl",
      "location" : "https://github.com/apple/swift-algorithms.git",
      "state" : {
        "revision" : "87e50f483c54e6efd60e885f7f5aa946cee68023",
        "version" : "1.2.1"
      }
    },
    {
      "identity" : "swift-collections",
      "kind" : "remoteSourceControl",
      "location" : "https://github.com/apple/swift-collections.git",
      "state" : {
        "revision" : "c1805596154bb3a265fd91b8ac0c4433b4348fb0",
        "version" : "1.2.0"
      }
    },
    {
      "identity" : "swift-docc-plugin",
      "kind" : "remoteSourceControl",
      "location" : "https://github.com/apple/swift-docc-plugin.git",
      "state" : {
        "revision" : "85e4bb4e1cd62cec64a4b8e769dcefdf0c5b9d64",
        "version" : "1.4.3"
      }
    },
    {
      "identity" : "swift-docc-symbolkit",
      "kind" : "remoteSourceControl",
      "location" : "https://github.com/swiftlang/swift-docc-symbolkit",
      "state" : {
        "revision" : "b45d1f2ed151d057b54504d653e0da5552844e34",
        "version" : "1.0.0"
      }
    },
    {
      "identity" : "swift-log",
      "kind" : "remoteSourceControl",
      "location" : "https://github.com/apple/swift-log.git",
      "state" : {
        "revision" : "3d8596ed08bd13520157f0355e35caed215ffbfa",
        "version" : "1.6.3"
      }
    },
    {
      "identity" : "swift-numerics",
      "kind" : "remoteSourceControl",
      "location" : "https://github.com/apple/swift-numerics.git",
      "state" : {
        "revision" : "e0ec0f5f3af6f3e4d5e7a19d2af26b481acb6ba8",
        "version" : "1.0.3"
      }
    }
  ],
  "version" : 3
}
